
Microsoft Visual Studio Solution File, Format Version 12.00
Project("{FAE04EC0-301F-11D3-BF4B-00C04F79EFBC}") = "CoinCollection", "CoinCollection\CoinCollection.csproj", "{8EE419F2-5817-4F81-B995-BB20B59C0B99}"
EndProject
Project("{FAE04EC0-301F-11D3-BF4B-00C04F79EFBC}") = "T3DSharpFramework", "T3DSharpFramework\T3DSharpFramework.csproj", "{6D4154BB-BEC9-48C4-9BFE-3380E61E1DD2}"
EndProject
Project("{FAE04EC0-301F-11D3-BF4B-00C04F79EFBC}") = "T3DSharpGenerator", "T3DSharpGenerator\T3DSharpGenerator.csproj", "{F059763B-C2DE-420B-9055-D7DD27062861}"
EndProject
Global
	GlobalSection(SolutionConfigurationPlatforms) = preSolution
		Debug|Any CPU = Debug|Any CPU
		Release|Any CPU = Release|Any CPU
	EndGlobalSection
	GlobalSection(ProjectConfigurationPlatforms) = postSolution
		{8EE419F2-5817-4F81-B995-BB20B59C0B99}.Debug|Any CPU.ActiveCfg = Debug|Any CPU
		{8EE419F2-5817-4F81-B995-BB20B59C0B99}.Debug|Any CPU.Build.0 = Debug|Any CPU
		{8EE419F2-5817-4F81-B995-BB20B59C0B99}.Release|Any CPU.ActiveCfg = Release|Any CPU
		{8EE419F2-5817-4F81-B995-BB20B59C0B99}.Release|Any CPU.Build.0 = Release|Any CPU
		{6D4154BB-BEC9-48C4-9BFE-3380E61E1DD2}.Debug|Any CPU.ActiveCfg = Debug|Any CPU
		{6D4154BB-BEC9-48C4-9BFE-3380E61E1DD2}.Debug|Any CPU.Build.0 = Debug|Any CPU
		{6D4154BB-BEC9-48C4-9BFE-3380E61E1DD2}.Release|Any CPU.ActiveCfg = Release|Any CPU
		{6D4154BB-BEC9-48C4-9BFE-3380E61E1DD2}.Release|Any CPU.Build.0 = Release|Any CPU
		{F059763B-C2DE-420B-9055-D7DD27062861}.Debug|Any CPU.ActiveCfg = Debug|Any CPU
		{F059763B-C2DE-420B-9055-D7DD27062861}.Debug|Any CPU.Build.0 = Debug|Any CPU
		{F059763B-C2DE-420B-9055-D7DD27062861}.Release|Any CPU.ActiveCfg = Release|Any CPU
		{F059763B-C2DE-420B-9055-D7DD27062861}.Release|Any CPU.Build.0 = Release|Any CPU
	EndGlobalSection
EndGlobal
